// !$*UTF8*$!
{
	archiveVersion = 1;
	classes = {
	};
	objectVersion = 70;
	objects = {

/* Begin PBXBuildFile section */
		C709C85F2E35A70C0094BC6D /* CategoryViewModel.swift in Sources */ = {isa = PBXBuildFile; fileRef = C709C85E2E35A7060094BC6D /* CategoryViewModel.swift */; };
		C74A87882E2DC1F4005233BF /* GRDB in Frameworks */ = {isa = PBXBuildFile; productRef = C74A87872E2DC1F4005233BF /* GRDB */; };
		C74A878D2E2DC506005233BF /* User.swift in Sources */ = {isa = PBXBuildFile; fileRef = C74A878C2E2DC506005233BF /* User.swift */; };
		C7D126112E24B6790021F2DC /* AuthenticationManager.swift in Sources */ = {isa = PBXBuildFile; fileRef = C7D126102E24B6750021F2DC /* AuthenticationManager.swift */; };
		C7D126132E254C330021F2DC /* SignInView.swift in Sources */ = {isa = PBXBuildFile; fileRef = C7D126122E254C330021F2DC /* SignInView.swift */; };
		C7D126162E254C7F0021F2DC /* SecureInput.swift in Sources */ = {isa = PBXBuildFile; fileRef = C7D126142E254C7F0021F2DC /* SecureInput.swift */; };
		C7D126182E254E210021F2DC /* SignUpView.swift in Sources */ = {isa = PBXBuildFile; fileRef = C7D126172E254E1B0021F2DC /* SignUpView.swift */; };
		C7FED0642E24B29600738F30 /* Assets.xcassets in Resources */ = {isa = PBXBuildFile; fileRef = C7FED05F2E24B29600738F30 /* Assets.xcassets */; };
		C7FED0652E24B29600738F30 /* TextInput.swift in Sources */ = {isa = PBXBuildFile; fileRef = C7FED0342E24B29600738F30 /* TextInput.swift */; };
		C7FED0662E24B29600738F30 /* AppState.swift in Sources */ = {isa = PBXBuildFile; fileRef = C7FED0382E24B29600738F30 /* AppState.swift */; };
		C7FED0672E24B29600738F30 /* CalendarDay.swift in Sources */ = {isa = PBXBuildFile; fileRef = C7FED0272E24B29600738F30 /* CalendarDay.swift */; };
		C7FED0682E24B29600738F30 /* FilledButtonStyle.swift in Sources */ = {isa = PBXBuildFile; fileRef = C7FED0202E24B29600738F30 /* FilledButtonStyle.swift */; };
		C7FED0692E24B29600738F30 /* InputFieldBox.swift in Sources */ = {isa = PBXBuildFile; fileRef = C7FED02B2E24B29600738F30 /* InputFieldBox.swift */; };
		C7FED06A2E24B29600738F30 /* MonthsView.swift in Sources */ = {isa = PBXBuildFile; fileRef = C7FED04E2E24B29600738F30 /* MonthsView.swift */; };
		C7FED06B2E24B29600738F30 /* CalendarWeek.swift in Sources */ = {isa = PBXBuildFile; fileRef = C7FED0292E24B29600738F30 /* CalendarWeek.swift */; };
		C7FED06C2E24B29600738F30 /* CalendarMonth.swift in Sources */ = {isa = PBXBuildFile; fileRef = C7FED0282E24B29600738F30 /* CalendarMonth.swift */; };
		C7FED06E2E24B29600738F30 /* SplashScreen.swift in Sources */ = {isa = PBXBuildFile; fileRef = C7FED0552E24B29600738F30 /* SplashScreen.swift */; };
		C7FED06F2E24B29600738F30 /* CurrencyInput.swift in Sources */ = {isa = PBXBuildFile; fileRef = C7FED02E2E24B29600738F30 /* CurrencyInput.swift */; };
		C7FED0702E24B29600738F30 /* NewItemView.swift in Sources */ = {isa = PBXBuildFile; fileRef = C7FED03C2E24B29600738F30 /* NewItemView.swift */; };
		C7FED0712E24B29600738F30 /* SelectInput.swift in Sources */ = {isa = PBXBuildFile; fileRef = C7FED0322E24B29600738F30 /* SelectInput.swift */; };
		C7FED0722E24B29600738F30 /* AmountView.swift in Sources */ = {isa = PBXBuildFile; fileRef = C7FED0452E24B29600738F30 /* AmountView.swift */; };
		C7FED0742E24B29600738F30 /* DateInput.swift in Sources */ = {isa = PBXBuildFile; fileRef = C7FED0302E24B29600738F30 /* DateInput.swift */; };
		C7FED0752E24B29600738F30 /* Colors.swift in Sources */ = {isa = PBXBuildFile; fileRef = C7FED0392E24B29600738F30 /* Colors.swift */; };
		C7FED0772E24B29600738F30 /* OutlinedButtonStyle.swift in Sources */ = {isa = PBXBuildFile; fileRef = C7FED0212E24B29600738F30 /* OutlinedButtonStyle.swift */; };
		C7FED0782E24B29600738F30 /* KanbanCardView.swift in Sources */ = {isa = PBXBuildFile; fileRef = C7FED04A2E24B29600738F30 /* KanbanCardView.swift */; };
		C7FED0792E24B29600738F30 /* ReportsTabView.swift in Sources */ = {isa = PBXBuildFile; fileRef = C7FED0522E24B29600738F30 /* ReportsTabView.swift */; };
		C7FED07B2E24B29600738F30 /* InputFieldTemplate.swift in Sources */ = {isa = PBXBuildFile; fileRef = C7FED02C2E24B29600738F30 /* InputFieldTemplate.swift */; };
		C7FED07C2E24B29600738F30 /* ProfileView.swift in Sources */ = {isa = PBXBuildFile; fileRef = C7FED0412E24B29600738F30 /* ProfileView.swift */; };
		C7FED07D2E24B29600738F30 /* ContentView.swift in Sources */ = {isa = PBXBuildFile; fileRef = C7FED0612E24B29600738F30 /* ContentView.swift */; };
		C7FED07E2E24B29600738F30 /* NotImplementedView.swift in Sources */ = {isa = PBXBuildFile; fileRef = C7FED0592E24B29600738F30 /* NotImplementedView.swift */; };
		C7FED0802E24B29600738F30 /* Personal_FinanceApp.swift in Sources */ = {isa = PBXBuildFile; fileRef = C7FED0622E24B29600738F30 /* Personal_FinanceApp.swift */; };
		C7FED0812E24B29600738F30 /* CategoryView.swift in Sources */ = {isa = PBXBuildFile; fileRef = C7FED0492E24B29600738F30 /* CategoryView.swift */; };
		C7FED0822E24B29600738F30 /* TextButtonStyle.swift in Sources */ = {isa = PBXBuildFile; fileRef = C7FED0222E24B29600738F30 /* TextButtonStyle.swift */; };
		C7FED0832E24B29600738F30 /* PFButton.swift in Sources */ = {isa = PBXBuildFile; fileRef = C7FED0252E24B29600738F30 /* PFButton.swift */; };
		C7FED0842E24B29600738F30 /* BasicButton.swift in Sources */ = {isa = PBXBuildFile; fileRef = C7FED0242E24B29600738F30 /* BasicButton.swift */; };
		C7FED0852E24B29600738F30 /* NewItemButton.swift in Sources */ = {isa = PBXBuildFile; fileRef = C7FED01D2E24B29600738F30 /* NewItemButton.swift */; };
		C7FF8D612E369AAF003E068F /* AmountViewModel.swift in Sources */ = {isa = PBXBuildFile; fileRef = C7FF8D602E369AAA003E068F /* AmountViewModel.swift */; };
		C7FF8D632E369E99003E068F /* MonthsViewModel.swift in Sources */ = {isa = PBXBuildFile; fileRef = C7FF8D622E369E94003E068F /* MonthsViewModel.swift */; };
/* End PBXBuildFile section */

/* Begin PBXFileReference section */
		C709C85E2E35A7060094BC6D /* CategoryViewModel.swift */ = {isa = PBXFileReference; lastKnownFileType = sourcecode.swift; path = CategoryViewModel.swift; sourceTree = "<group>"; };
		C74A878C2E2DC506005233BF /* User.swift */ = {isa = PBXFileReference; lastKnownFileType = sourcecode.swift; path = User.swift; sourceTree = "<group>"; };
		C75A04D12C7C0B9900739285 /* Personal Finance.app */ = {isa = PBXFileReference; explicitFileType = wrapper.application; includeInIndex = 0; path = "Personal Finance.app"; sourceTree = BUILT_PRODUCTS_DIR; };
		C7D126102E24B6750021F2DC /* AuthenticationManager.swift */ = {isa = PBXFileReference; lastKnownFileType = sourcecode.swift; path = AuthenticationManager.swift; sourceTree = "<group>"; };
		C7D126122E254C330021F2DC /* SignInView.swift */ = {isa = PBXFileReference; lastKnownFileType = sourcecode.swift; path = SignInView.swift; sourceTree = "<group>"; };
		C7D126142E254C7F0021F2DC /* SecureInput.swift */ = {isa = PBXFileReference; lastKnownFileType = sourcecode.swift; path = SecureInput.swift; sourceTree = "<group>"; };
		C7D126172E254E1B0021F2DC /* SignUpView.swift */ = {isa = PBXFileReference; lastKnownFileType = sourcecode.swift; path = SignUpView.swift; sourceTree = "<group>"; };
		C7FED01D2E24B29600738F30 /* NewItemButton.swift */ = {isa = PBXFileReference; lastKnownFileType = sourcecode.swift; path = NewItemButton.swift; sourceTree = "<group>"; };
		C7FED0202E24B29600738F30 /* FilledButtonStyle.swift */ = {isa = PBXFileReference; lastKnownFileType = sourcecode.swift; path = FilledButtonStyle.swift; sourceTree = "<group>"; };
		C7FED0212E24B29600738F30 /* OutlinedButtonStyle.swift */ = {isa = PBXFileReference; lastKnownFileType = sourcecode.swift; path = OutlinedButtonStyle.swift; sourceTree = "<group>"; };
		C7FED0222E24B29600738F30 /* TextButtonStyle.swift */ = {isa = PBXFileReference; lastKnownFileType = sourcecode.swift; path = TextButtonStyle.swift; sourceTree = "<group>"; };
		C7FED0242E24B29600738F30 /* BasicButton.swift */ = {isa = PBXFileReference; lastKnownFileType = sourcecode.swift; path = BasicButton.swift; sourceTree = "<group>"; };
		C7FED0252E24B29600738F30 /* PFButton.swift */ = {isa = PBXFileReference; lastKnownFileType = sourcecode.swift; path = PFButton.swift; sourceTree = "<group>"; };
		C7FED0272E24B29600738F30 /* CalendarDay.swift */ = {isa = PBXFileReference; lastKnownFileType = sourcecode.swift; path = CalendarDay.swift; sourceTree = "<group>"; };
		C7FED0282E24B29600738F30 /* CalendarMonth.swift */ = {isa = PBXFileReference; lastKnownFileType = sourcecode.swift; path = CalendarMonth.swift; sourceTree = "<group>"; };
		C7FED0292E24B29600738F30 /* CalendarWeek.swift */ = {isa = PBXFileReference; lastKnownFileType = sourcecode.swift; path = CalendarWeek.swift; sourceTree = "<group>"; };
		C7FED02B2E24B29600738F30 /* InputFieldBox.swift */ = {isa = PBXFileReference; lastKnownFileType = sourcecode.swift; path = InputFieldBox.swift; sourceTree = "<group>"; };
		C7FED02C2E24B29600738F30 /* InputFieldTemplate.swift */ = {isa = PBXFileReference; lastKnownFileType = sourcecode.swift; path = InputFieldTemplate.swift; sourceTree = "<group>"; };
		C7FED02E2E24B29600738F30 /* CurrencyInput.swift */ = {isa = PBXFileReference; lastKnownFileType = sourcecode.swift; path = CurrencyInput.swift; sourceTree = "<group>"; };
		C7FED0302E24B29600738F30 /* DateInput.swift */ = {isa = PBXFileReference; lastKnownFileType = sourcecode.swift; path = DateInput.swift; sourceTree = "<group>"; };
		C7FED0322E24B29600738F30 /* SelectInput.swift */ = {isa = PBXFileReference; lastKnownFileType = sourcecode.swift; path = SelectInput.swift; sourceTree = "<group>"; };
		C7FED0342E24B29600738F30 /* TextInput.swift */ = {isa = PBXFileReference; lastKnownFileType = sourcecode.swift; path = TextInput.swift; sourceTree = "<group>"; };
		C7FED0382E24B29600738F30 /* AppState.swift */ = {isa = PBXFileReference; lastKnownFileType = sourcecode.swift; path = AppState.swift; sourceTree = "<group>"; };
		C7FED0392E24B29600738F30 /* Colors.swift */ = {isa = PBXFileReference; lastKnownFileType = sourcecode.swift; path = Colors.swift; sourceTree = "<group>"; };
		C7FED03C2E24B29600738F30 /* NewItemView.swift */ = {isa = PBXFileReference; lastKnownFileType = sourcecode.swift; path = NewItemView.swift; sourceTree = "<group>"; };
		C7FED0412E24B29600738F30 /* ProfileView.swift */ = {isa = PBXFileReference; lastKnownFileType = sourcecode.swift; path = ProfileView.swift; sourceTree = "<group>"; };
		C7FED0452E24B29600738F30 /* AmountView.swift */ = {isa = PBXFileReference; lastKnownFileType = sourcecode.swift; path = AmountView.swift; sourceTree = "<group>"; };
		C7FED0492E24B29600738F30 /* CategoryView.swift */ = {isa = PBXFileReference; lastKnownFileType = sourcecode.swift; path = CategoryView.swift; sourceTree = "<group>"; };
		C7FED04A2E24B29600738F30 /* KanbanCardView.swift */ = {isa = PBXFileReference; lastKnownFileType = sourcecode.swift; path = KanbanCardView.swift; sourceTree = "<group>"; };
		C7FED04E2E24B29600738F30 /* MonthsView.swift */ = {isa = PBXFileReference; lastKnownFileType = sourcecode.swift; path = MonthsView.swift; sourceTree = "<group>"; };
		C7FED0522E24B29600738F30 /* ReportsTabView.swift */ = {isa = PBXFileReference; lastKnownFileType = sourcecode.swift; path = ReportsTabView.swift; sourceTree = "<group>"; };
		C7FED0552E24B29600738F30 /* SplashScreen.swift */ = {isa = PBXFileReference; lastKnownFileType = sourcecode.swift; path = SplashScreen.swift; sourceTree = "<group>"; };
		C7FED0592E24B29600738F30 /* NotImplementedView.swift */ = {isa = PBXFileReference; lastKnownFileType = sourcecode.swift; path = NotImplementedView.swift; sourceTree = "<group>"; };
		C7FED05F2E24B29600738F30 /* Assets.xcassets */ = {isa = PBXFileReference; lastKnownFileType = folder.assetcatalog; path = Assets.xcassets; sourceTree = "<group>"; };
		C7FED0612E24B29600738F30 /* ContentView.swift */ = {isa = PBXFileReference; lastKnownFileType = sourcecode.swift; path = ContentView.swift; sourceTree = "<group>"; };
		C7FED0622E24B29600738F30 /* Personal_FinanceApp.swift */ = {isa = PBXFileReference; lastKnownFileType = sourcecode.swift; path = Personal_FinanceApp.swift; sourceTree = "<group>"; };
		C7FF8D602E369AAA003E068F /* AmountViewModel.swift */ = {isa = PBXFileReference; lastKnownFileType = sourcecode.swift; path = AmountViewModel.swift; sourceTree = "<group>"; };
		C7FF8D622E369E94003E068F /* MonthsViewModel.swift */ = {isa = PBXFileReference; lastKnownFileType = sourcecode.swift; path = MonthsViewModel.swift; sourceTree = "<group>"; };
/* End PBXFileReference section */

/* Begin PBXFileSystemSynchronizedRootGroup section */
		C709C8622E35AD400094BC6D /* NewIncome */ = {isa = PBXFileSystemSynchronizedRootGroup; explicitFileTypes = {}; explicitFolders = (); path = NewIncome; sourceTree = "<group>"; };
		C709C8662E35AD860094BC6D /* NewTransaction */ = {isa = PBXFileSystemSynchronizedRootGroup; explicitFileTypes = {}; explicitFolders = (); path = NewTransaction; sourceTree = "<group>"; };
		C74A87892E2DC39F005233BF /* DB */ = {isa = PBXFileSystemSynchronizedRootGroup; explicitFileTypes = {}; explicitFolders = (); path = DB; sourceTree = "<group>"; };
/* End PBXFileSystemSynchronizedRootGroup section */

/* Begin PBXFrameworksBuildPhase section */
		C75A04CE2C7C0B9900739285 /* Frameworks */ = {
			isa = PBXFrameworksBuildPhase;
			buildActionMask = 2147483647;
			files = (
				C74A87882E2DC1F4005233BF /* GRDB in Frameworks */,
			);
			runOnlyForDeploymentPostprocessing = 0;
		};
/* End PBXFrameworksBuildPhase section */

/* Begin PBXGroup section */
		C75A04C82C7C0B9900739285 = {
			isa = PBXGroup;
			children = (
				C7FED0632E24B29600738F30 /* Personal Finance */,
				C75A04D22C7C0B9900739285 /* Products */,
			);
			sourceTree = "<group>";
		};
		C75A04D22C7C0B9900739285 /* Products */ = {
			isa = PBXGroup;
			children = (
				C75A04D12C7C0B9900739285 /* Personal Finance.app */,
			);
			name = Products;
			sourceTree = "<group>";
		};
		C7D126152E254C7F0021F2DC /* SecureInput */ = {
			isa = PBXGroup;
			children = (
				C7D126142E254C7F0021F2DC /* SecureInput.swift */,
			);
			path = SecureInput;
			sourceTree = "<group>";
		};
		C7FED01E2E24B29600738F30 /* Button */ = {
			isa = PBXGroup;
			children = (
				C7FED01D2E24B29600738F30 /* NewItemButton.swift */,
			);
			path = Button;
			sourceTree = "<group>";
		};
		C7FED01F2E24B29600738F30 /* AddExpense */ = {
			isa = PBXGroup;
			children = (
				C7FED01E2E24B29600738F30 /* Button */,
			);
			path = AddExpense;
			sourceTree = "<group>";
		};
		C7FED0232E24B29600738F30 /* ButtonStyles */ = {
			isa = PBXGroup;
			children = (
				C7FED0202E24B29600738F30 /* FilledButtonStyle.swift */,
				C7FED0212E24B29600738F30 /* OutlinedButtonStyle.swift */,
				C7FED0222E24B29600738F30 /* TextButtonStyle.swift */,
			);
			path = ButtonStyles;
			sourceTree = "<group>";
		};
		C7FED0262E24B29600738F30 /* Button */ = {
			isa = PBXGroup;
			children = (
				C7FED0232E24B29600738F30 /* ButtonStyles */,
				C7FED0242E24B29600738F30 /* BasicButton.swift */,
				C7FED0252E24B29600738F30 /* PFButton.swift */,
			);
			path = Button;
			sourceTree = "<group>";
		};
		C7FED02A2E24B29600738F30 /* Calendar */ = {
			isa = PBXGroup;
			children = (
				C7FED0272E24B29600738F30 /* CalendarDay.swift */,
				C7FED0282E24B29600738F30 /* CalendarMonth.swift */,
				C7FED0292E24B29600738F30 /* CalendarWeek.swift */,
			);
			path = Calendar;
			sourceTree = "<group>";
		};
		C7FED02D2E24B29600738F30 /* Common */ = {
			isa = PBXGroup;
			children = (
				C7FED02B2E24B29600738F30 /* InputFieldBox.swift */,
				C7FED02C2E24B29600738F30 /* InputFieldTemplate.swift */,
			);
			path = Common;
			sourceTree = "<group>";
		};
		C7FED02F2E24B29600738F30 /* CurrencyField */ = {
			isa = PBXGroup;
			children = (
				C7FED02E2E24B29600738F30 /* CurrencyInput.swift */,
			);
			path = CurrencyField;
			sourceTree = "<group>";
		};
		C7FED0312E24B29600738F30 /* DateInput */ = {
			isa = PBXGroup;
			children = (
				C7FED0302E24B29600738F30 /* DateInput.swift */,
			);
			path = DateInput;
			sourceTree = "<group>";
		};
		C7FED0332E24B29600738F30 /* SelectInput */ = {
			isa = PBXGroup;
			children = (
				C7FED0322E24B29600738F30 /* SelectInput.swift */,
			);
			path = SelectInput;
			sourceTree = "<group>";
		};
		C7FED0352E24B29600738F30 /* TextInput */ = {
			isa = PBXGroup;
			children = (
				C7FED0342E24B29600738F30 /* TextInput.swift */,
			);
			path = TextInput;
			sourceTree = "<group>";
		};
		C7FED0362E24B29600738F30 /* InputFields */ = {
			isa = PBXGroup;
			children = (
				C7FED02D2E24B29600738F30 /* Common */,
				C7FED02F2E24B29600738F30 /* CurrencyField */,
				C7FED0312E24B29600738F30 /* DateInput */,
				C7FED0332E24B29600738F30 /* SelectInput */,
				C7FED0352E24B29600738F30 /* TextInput */,
				C7D126152E254C7F0021F2DC /* SecureInput */,
			);
			path = InputFields;
			sourceTree = "<group>";
		};
		C7FED0372E24B29600738F30 /* Components */ = {
			isa = PBXGroup;
			children = (
				C7FED01F2E24B29600738F30 /* AddExpense */,
				C7FED0262E24B29600738F30 /* Button */,
				C7FED02A2E24B29600738F30 /* Calendar */,
				C7FED0362E24B29600738F30 /* InputFields */,
			);
			path = Components;
			sourceTree = "<group>";
		};
		C7FED03A2E24B29600738F30 /* Common */ = {
			isa = PBXGroup;
			children = (
				C74A87892E2DC39F005233BF /* DB */,
				C7FED0372E24B29600738F30 /* Components */,
				C7FED0382E24B29600738F30 /* AppState.swift */,
				C7FED0392E24B29600738F30 /* Colors.swift */,
			);
			path = Common;
			sourceTree = "<group>";
		};
		C7FED0402E24B29600738F30 /* NewItem */ = {
			isa = PBXGroup;
			children = (
				C709C8662E35AD860094BC6D /* NewTransaction */,
				C709C8622E35AD400094BC6D /* NewIncome */,
				C7FED03C2E24B29600738F30 /* NewItemView.swift */,
			);
			path = NewItem;
			sourceTree = "<group>";
		};
		C7FED0422E24B29600738F30 /* View */ = {
			isa = PBXGroup;
			children = (
				C7FED0412E24B29600738F30 /* ProfileView.swift */,
			);
			path = View;
			sourceTree = "<group>";
		};
		C7FED0432E24B29600738F30 /* ViewModel */ = {
			isa = PBXGroup;
			children = (
			);
			path = ViewModel;
			sourceTree = "<group>";
		};
		C7FED0442E24B29600738F30 /* Profile */ = {
			isa = PBXGroup;
			children = (
				C7FED0422E24B29600738F30 /* View */,
				C7FED0432E24B29600738F30 /* ViewModel */,
			);
			path = Profile;
			sourceTree = "<group>";
		};
		C7FED0462E24B29600738F30 /* View */ = {
			isa = PBXGroup;
			children = (
				C7FED0452E24B29600738F30 /* AmountView.swift */,
			);
			path = View;
			sourceTree = "<group>";
		};
		C7FED0472E24B29600738F30 /* ViewModel */ = {
			isa = PBXGroup;
			children = (
				C7FF8D602E369AAA003E068F /* AmountViewModel.swift */,
			);
			path = ViewModel;
			sourceTree = "<group>";
		};
		C7FED0482E24B29600738F30 /* Amount */ = {
			isa = PBXGroup;
			children = (
				C7FED0462E24B29600738F30 /* View */,
				C7FED0472E24B29600738F30 /* ViewModel */,
			);
			path = Amount;
			sourceTree = "<group>";
		};
		C7FED04B2E24B29600738F30 /* View */ = {
			isa = PBXGroup;
			children = (
				C7FED0492E24B29600738F30 /* CategoryView.swift */,
				C7FED04A2E24B29600738F30 /* KanbanCardView.swift */,
			);
			path = View;
			sourceTree = "<group>";
		};
		C7FED04C2E24B29600738F30 /* ViewModel */ = {
			isa = PBXGroup;
			children = (
				C709C85E2E35A7060094BC6D /* CategoryViewModel.swift */,
			);
			path = ViewModel;
			sourceTree = "<group>";
		};
		C7FED04D2E24B29600738F30 /* Category */ = {
			isa = PBXGroup;
			children = (
				C7FED04B2E24B29600738F30 /* View */,
				C7FED04C2E24B29600738F30 /* ViewModel */,
			);
			path = Category;
			sourceTree = "<group>";
		};
		C7FED04F2E24B29600738F30 /* View */ = {
			isa = PBXGroup;
			children = (
				C7FED04E2E24B29600738F30 /* MonthsView.swift */,
			);
			path = View;
			sourceTree = "<group>";
		};
		C7FED0502E24B29600738F30 /* ViewModel */ = {
			isa = PBXGroup;
			children = (
				C7FF8D622E369E94003E068F /* MonthsViewModel.swift */,
			);
			path = ViewModel;
			sourceTree = "<group>";
		};
		C7FED0512E24B29600738F30 /* Month */ = {
			isa = PBXGroup;
			children = (
				C7FED04F2E24B29600738F30 /* View */,
				C7FED0502E24B29600738F30 /* ViewModel */,
			);
			path = Month;
			sourceTree = "<group>";
		};
		C7FED0532E24B29600738F30 /* Reports */ = {
			isa = PBXGroup;
			children = (
				C7FED0482E24B29600738F30 /* Amount */,
				C7FED04D2E24B29600738F30 /* Category */,
				C7FED0512E24B29600738F30 /* Month */,
				C7FED0522E24B29600738F30 /* ReportsTabView.swift */,
			);
			path = Reports;
			sourceTree = "<group>";
		};
		C7FED0542E24B29600738F30 /* Model */ = {
			isa = PBXGroup;
			children = (
				C74A878C2E2DC506005233BF /* User.swift */,
			);
			path = Model;
			sourceTree = "<group>";
		};
		C7FED0562E24B29600738F30 /* View */ = {
			isa = PBXGroup;
			children = (
				C7D126172E254E1B0021F2DC /* SignUpView.swift */,
				C7FED0552E24B29600738F30 /* SplashScreen.swift */,
				C7D126122E254C330021F2DC /* SignInView.swift */,
			);
			path = View;
			sourceTree = "<group>";
		};
		C7FED0572E24B29600738F30 /* ViewModel */ = {
			isa = PBXGroup;
			children = (
				C7D126102E24B6750021F2DC /* AuthenticationManager.swift */,
			);
			path = ViewModel;
			sourceTree = "<group>";
		};
		C7FED0582E24B29600738F30 /* SignIn */ = {
			isa = PBXGroup;
			children = (
				C7FED0542E24B29600738F30 /* Model */,
				C7FED0562E24B29600738F30 /* View */,
				C7FED0572E24B29600738F30 /* ViewModel */,
			);
			path = SignIn;
			sourceTree = "<group>";
		};
		C7FED05A2E24B29600738F30 /* Features */ = {
			isa = PBXGroup;
			children = (
				C7FED0402E24B29600738F30 /* NewItem */,
				C7FED0442E24B29600738F30 /* Profile */,
				C7FED0532E24B29600738F30 /* Reports */,
				C7FED0582E24B29600738F30 /* SignIn */,
				C7FED0592E24B29600738F30 /* NotImplementedView.swift */,
			);
			path = Features;
			sourceTree = "<group>";
		};
		C7FED0602E24B29600738F30 /* Resources */ = {
			isa = PBXGroup;
			children = (
				C7FED05F2E24B29600738F30 /* Assets.xcassets */,
			);
			path = Resources;
			sourceTree = "<group>";
		};
		C7FED0632E24B29600738F30 /* Personal Finance */ = {
			isa = PBXGroup;
			children = (
				C7FED03A2E24B29600738F30 /* Common */,
				C7FED05A2E24B29600738F30 /* Features */,
				C7FED0602E24B29600738F30 /* Resources */,
				C7FED0612E24B29600738F30 /* ContentView.swift */,
				C7FED0622E24B29600738F30 /* Personal_FinanceApp.swift */,
			);
			path = "Personal Finance";
			sourceTree = "<group>";
		};
/* End PBXGroup section */

/* Begin PBXNativeTarget section */
		C75A04D02C7C0B9900739285 /* Personal Finance */ = {
			isa = PBXNativeTarget;
			buildConfigurationList = C75A04E02C7C0B9A00739285 /* Build configuration list for PBXNativeTarget "Personal Finance" */;
			buildPhases = (
				C75A04CD2C7C0B9900739285 /* Sources */,
				C75A04CE2C7C0B9900739285 /* Frameworks */,
				C75A04CF2C7C0B9900739285 /* Resources */,
			);
			buildRules = (
			);
			dependencies = (
			);
			fileSystemSynchronizedGroups = (
				C709C8622E35AD400094BC6D /* NewIncome */,
				C709C8662E35AD860094BC6D /* NewTransaction */,
				C74A87892E2DC39F005233BF /* DB */,
			);
			name = "Personal Finance";
			productName = "Personal Finance";
			productReference = C75A04D12C7C0B9900739285 /* Personal Finance.app */;
			productType = "com.apple.product-type.application";
		};
/* End PBXNativeTarget section */

/* Begin PBXProject section */
		C75A04C92C7C0B9900739285 /* Project object */ = {
			isa = PBXProject;
			attributes = {
				BuildIndependentTargetsInParallel = 1;
				LastSwiftUpdateCheck = 1540;
				LastUpgradeCheck = 1630;
				TargetAttributes = {
					C75A04D02C7C0B9900739285 = {
						CreatedOnToolsVersion = 15.4;
					};
				};
			};
			buildConfigurationList = C75A04CC2C7C0B9900739285 /* Build configuration list for PBXProject "Personal Finance" */;
			compatibilityVersion = "Xcode 14.0";
			developmentRegion = en;
			hasScannedForEncodings = 0;
			knownRegions = (
				en,
				Base,
			);
			mainGroup = C75A04C82C7C0B9900739285;
			packageReferences = (
				C74A87862E2DC1F4005233BF /* XCRemoteSwiftPackageReference "GRDB.swift" */,
			);
			productRefGroup = C75A04D22C7C0B9900739285 /* Products */;
			projectDirPath = "";
			projectRoot = "";
			targets = (
				C75A04D02C7C0B9900739285 /* Personal Finance */,
			);
		};
/* End PBXProject section */

/* Begin PBXResourcesBuildPhase section */
		C75A04CF2C7C0B9900739285 /* Resources */ = {
			isa = PBXResourcesBuildPhase;
			buildActionMask = 2147483647;
			files = (
				C7FED0642E24B29600738F30 /* Assets.xcassets in Resources */,
			);
			runOnlyForDeploymentPostprocessing = 0;
		};
/* End PBXResourcesBuildPhase section */

/* Begin PBXSourcesBuildPhase section */
		C75A04CD2C7C0B9900739285 /* Sources */ = {
			isa = PBXSourcesBuildPhase;
			buildActionMask = 2147483647;
			files = (
				C7FED0652E24B29600738F30 /* TextInput.swift in Sources */,
				C7FED0662E24B29600738F30 /* AppState.swift in Sources */,
				C7FED0672E24B29600738F30 /* CalendarDay.swift in Sources */,
				C709C85F2E35A70C0094BC6D /* CategoryViewModel.swift in Sources */,
				C7FED0682E24B29600738F30 /* FilledButtonStyle.swift in Sources */,
				C7FED0692E24B29600738F30 /* InputFieldBox.swift in Sources */,
				C7FED06A2E24B29600738F30 /* MonthsView.swift in Sources */,
				C7FED06B2E24B29600738F30 /* CalendarWeek.swift in Sources */,
				C7FED06C2E24B29600738F30 /* CalendarMonth.swift in Sources */,
				C7FED06E2E24B29600738F30 /* SplashScreen.swift in Sources */,
				C7FF8D612E369AAF003E068F /* AmountViewModel.swift in Sources */,
				C7FED06F2E24B29600738F30 /* CurrencyInput.swift in Sources */,
				C7FED0702E24B29600738F30 /* NewItemView.swift in Sources */,
				C74A878D2E2DC506005233BF /* User.swift in Sources */,
				C7FED0712E24B29600738F30 /* SelectInput.swift in Sources */,
				C7FED0722E24B29600738F30 /* AmountView.swift in Sources */,
				C7FED0742E24B29600738F30 /* DateInput.swift in Sources */,
				C7D126132E254C330021F2DC /* SignInView.swift in Sources */,
				C7FED0752E24B29600738F30 /* Colors.swift in Sources */,
				C7FED0772E24B29600738F30 /* OutlinedButtonStyle.swift in Sources */,
				C7FED0782E24B29600738F30 /* KanbanCardView.swift in Sources */,
				C7FED0792E24B29600738F30 /* ReportsTabView.swift in Sources */,
				C7D126182E254E210021F2DC /* SignUpView.swift in Sources */,
				C7FED07B2E24B29600738F30 /* InputFieldTemplate.swift in Sources */,
				C7FED07C2E24B29600738F30 /* ProfileView.swift in Sources */,
				C7FED07D2E24B29600738F30 /* ContentView.swift in Sources */,
				C7FED07E2E24B29600738F30 /* NotImplementedView.swift in Sources */,
				C7FED0802E24B29600738F30 /* Personal_FinanceApp.swift in Sources */,
				C7D126162E254C7F0021F2DC /* SecureInput.swift in Sources */,
				C7D126112E24B6790021F2DC /* AuthenticationManager.swift in Sources */,
				C7FED0812E24B29600738F30 /* CategoryView.swift in Sources */,
				C7FED0822E24B29600738F30 /* TextButtonStyle.swift in Sources */,
				C7FED0832E24B29600738F30 /* PFButton.swift in Sources */,
				C7FED0842E24B29600738F30 /* BasicButton.swift in Sources */,
				C7FF8D632E369E99003E068F /* MonthsViewModel.swift in Sources */,
				C7FED0852E24B29600738F30 /* NewItemButton.swift in Sources */,
			);
			runOnlyForDeploymentPostprocessing = 0;
		};
/* End PBXSourcesBuildPhase section */

/* Begin XCBuildConfiguration section */
		C75A04DE2C7C0B9A00739285 /* Debug */ = {
			isa = XCBuildConfiguration;
			buildSettings = {
				ALWAYS_SEARCH_USER_PATHS = NO;
				ASSETCATALOG_COMPILER_GENERATE_SWIFT_ASSET_SYMBOL_EXTENSIONS = YES;
				CLANG_ANALYZER_NONNULL = YES;
				CLANG_ANALYZER_NUMBER_OBJECT_CONVERSION = YES_AGGRESSIVE;
				CLANG_CXX_LANGUAGE_STANDARD = "gnu++20";
				CLANG_ENABLE_MODULES = YES;
				CLANG_ENABLE_OBJC_ARC = YES;
				CLANG_ENABLE_OBJC_WEAK = YES;
				CLANG_WARN_BLOCK_CAPTURE_AUTORELEASING = YES;
				CLANG_WARN_BOOL_CONVERSION = YES;
				CLANG_WARN_COMMA = YES;
				CLANG_WARN_CONSTANT_CONVERSION = YES;
				CLANG_WARN_DEPRECATED_OBJC_IMPLEMENTATIONS = YES;
				CLANG_WARN_DIRECT_OBJC_ISA_USAGE = YES_ERROR;
				CLANG_WARN_DOCUMENTATION_COMMENTS = YES;
				CLANG_WARN_EMPTY_BODY = YES;
				CLANG_WARN_ENUM_CONVERSION = YES;
				CLANG_WARN_INFINITE_RECURSION = YES;
				CLANG_WARN_INT_CONVERSION = YES;
				CLANG_WARN_NON_LITERAL_NULL_CONVERSION = YES;
				CLANG_WARN_OBJC_IMPLICIT_RETAIN_SELF = YES;
				CLANG_WARN_OBJC_LITERAL_CONVERSION = YES;
				CLANG_WARN_OBJC_ROOT_CLASS = YES_ERROR;
				CLANG_WARN_QUOTED_INCLUDE_IN_FRAMEWORK_HEADER = YES;
				CLANG_WARN_RANGE_LOOP_ANALYSIS = YES;
				CLANG_WARN_STRICT_PROTOTYPES = YES;
				CLANG_WARN_SUSPICIOUS_MOVE = YES;
				CLANG_WARN_UNGUARDED_AVAILABILITY = YES_AGGRESSIVE;
				CLANG_WARN_UNREACHABLE_CODE = YES;
				CLANG_WARN__DUPLICATE_METHOD_MATCH = YES;
				COPY_PHASE_STRIP = NO;
				DEAD_CODE_STRIPPING = YES;
				DEBUG_INFORMATION_FORMAT = dwarf;
				DEVELOPMENT_TEAM = RJHHZ876RF;
				ENABLE_STRICT_OBJC_MSGSEND = YES;
				ENABLE_TESTABILITY = YES;
				ENABLE_USER_SCRIPT_SANDBOXING = YES;
				GCC_C_LANGUAGE_STANDARD = gnu17;
				GCC_DYNAMIC_NO_PIC = NO;
				GCC_NO_COMMON_BLOCKS = YES;
				GCC_OPTIMIZATION_LEVEL = 0;
				GCC_PREPROCESSOR_DEFINITIONS = (
					"DEBUG=1",
					"$(inherited)",
				);
				GCC_WARN_64_TO_32_BIT_CONVERSION = YES;
				GCC_WARN_ABOUT_RETURN_TYPE = YES_ERROR;
				GCC_WARN_UNDECLARED_SELECTOR = YES;
				GCC_WARN_UNINITIALIZED_AUTOS = YES_AGGRESSIVE;
				GCC_WARN_UNUSED_FUNCTION = YES;
				GCC_WARN_UNUSED_VARIABLE = YES;
				LOCALIZATION_PREFERS_STRING_CATALOGS = YES;
				MACOSX_DEPLOYMENT_TARGET = 15.0;
				MTL_ENABLE_DEBUG_INFO = INCLUDE_SOURCE;
				MTL_FAST_MATH = YES;
				ONLY_ACTIVE_ARCH = YES;
				SDKROOT = macosx;
				SWIFT_ACTIVE_COMPILATION_CONDITIONS = "DEBUG $(inherited)";
				SWIFT_OPTIMIZATION_LEVEL = "-Onone";
			};
			name = Debug;
		};
		C75A04DF2C7C0B9A00739285 /* Release */ = {
			isa = XCBuildConfiguration;
			buildSettings = {
				ALWAYS_SEARCH_USER_PATHS = NO;
				ASSETCATALOG_COMPILER_GENERATE_SWIFT_ASSET_SYMBOL_EXTENSIONS = YES;
				CLANG_ANALYZER_NONNULL = YES;
				CLANG_ANALYZER_NUMBER_OBJECT_CONVERSION = YES_AGGRESSIVE;
				CLANG_CXX_LANGUAGE_STANDARD = "gnu++20";
				CLANG_ENABLE_MODULES = YES;
				CLANG_ENABLE_OBJC_ARC = YES;
				CLANG_ENABLE_OBJC_WEAK = YES;
				CLANG_WARN_BLOCK_CAPTURE_AUTORELEASING = YES;
				CLANG_WARN_BOOL_CONVERSION = YES;
				CLANG_WARN_COMMA = YES;
				CLANG_WARN_CONSTANT_CONVERSION = YES;
				CLANG_WARN_DEPRECATED_OBJC_IMPLEMENTATIONS = YES;
				CLANG_WARN_DIRECT_OBJC_ISA_USAGE = YES_ERROR;
				CLANG_WARN_DOCUMENTATION_COMMENTS = YES;
				CLANG_WARN_EMPTY_BODY = YES;
				CLANG_WARN_ENUM_CONVERSION = YES;
				CLANG_WARN_INFINITE_RECURSION = YES;
				CLANG_WARN_INT_CONVERSION = YES;
				CLANG_WARN_NON_LITERAL_NULL_CONVERSION = YES;
				CLANG_WARN_OBJC_IMPLICIT_RETAIN_SELF = YES;
				CLANG_WARN_OBJC_LITERAL_CONVERSION = YES;
				CLANG_WARN_OBJC_ROOT_CLASS = YES_ERROR;
				CLANG_WARN_QUOTED_INCLUDE_IN_FRAMEWORK_HEADER = YES;
				CLANG_WARN_RANGE_LOOP_ANALYSIS = YES;
				CLANG_WARN_STRICT_PROTOTYPES = YES;
				CLANG_WARN_SUSPICIOUS_MOVE = YES;
				CLANG_WARN_UNGUARDED_AVAILABILITY = YES_AGGRESSIVE;
				CLANG_WARN_UNREACHABLE_CODE = YES;
				CLANG_WARN__DUPLICATE_METHOD_MATCH = YES;
				COPY_PHASE_STRIP = NO;
				DEAD_CODE_STRIPPING = YES;
				DEBUG_INFORMATION_FORMAT = "dwarf-with-dsym";
				DEVELOPMENT_TEAM = RJHHZ876RF;
				ENABLE_NS_ASSERTIONS = NO;
				ENABLE_STRICT_OBJC_MSGSEND = YES;
				ENABLE_USER_SCRIPT_SANDBOXING = YES;
				GCC_C_LANGUAGE_STANDARD = gnu17;
				GCC_NO_COMMON_BLOCKS = YES;
				GCC_WARN_64_TO_32_BIT_CONVERSION = YES;
				GCC_WARN_ABOUT_RETURN_TYPE = YES_ERROR;
				GCC_WARN_UNDECLARED_SELECTOR = YES;
				GCC_WARN_UNINITIALIZED_AUTOS = YES_AGGRESSIVE;
				GCC_WARN_UNUSED_FUNCTION = YES;
				GCC_WARN_UNUSED_VARIABLE = YES;
				LOCALIZATION_PREFERS_STRING_CATALOGS = YES;
				MACOSX_DEPLOYMENT_TARGET = 15.0;
				MTL_ENABLE_DEBUG_INFO = NO;
				MTL_FAST_MATH = YES;
				SDKROOT = macosx;
				SWIFT_COMPILATION_MODE = wholemodule;
			};
			name = Release;
		};
		C75A04E12C7C0B9A00739285 /* Debug */ = {
			isa = XCBuildConfiguration;
			buildSettings = {
				ASSETCATALOG_COMPILER_APPICON_NAME = AppIcon;
				ASSETCATALOG_COMPILER_GLOBAL_ACCENT_COLOR_NAME = AccentColor;
				CODE_SIGN_ENTITLEMENTS = "Personal Finance/Personal_Finance.entitlements";
				"CODE_SIGN_IDENTITY[sdk=macosx*]" = "-";
				CODE_SIGN_STYLE = Automatic;
				COMBINE_HIDPI_IMAGES = YES;
				CURRENT_PROJECT_VERSION = 1;
				DEAD_CODE_STRIPPING = YES;
				DEVELOPMENT_ASSET_PATHS = "\"Personal Finance/Preview Content\"";
				ENABLE_HARDENED_RUNTIME = YES;
				ENABLE_PREVIEWS = YES;
				GENERATE_INFOPLIST_FILE = YES;
				INFOPLIST_KEY_NSHumanReadableCopyright = "";
				LD_RUNPATH_SEARCH_PATHS = (
					"$(inherited)",
					"@executable_path/../Frameworks",
				);
				MARKETING_VERSION = 1.0;
				PRODUCT_BUNDLE_IDENTIFIER = "jbkiv.Personal-Finance";
				PRODUCT_NAME = "$(TARGET_NAME)";
				SWIFT_EMIT_LOC_STRINGS = YES;
				SWIFT_VERSION = 5.0;
			};
			name = Debug;
		};
		C75A04E22C7C0B9A00739285 /* Release */ = {
			isa = XCBuildConfiguration;
			buildSettings = {
				ASSETCATALOG_COMPILER_APPICON_NAME = AppIcon;
				ASSETCATALOG_COMPILER_GLOBAL_ACCENT_COLOR_NAME = AccentColor;
				CODE_SIGN_ENTITLEMENTS = "Personal Finance/Personal_Finance.entitlements";
				"CODE_SIGN_IDENTITY[sdk=macosx*]" = "-";
				CODE_SIGN_STYLE = Automatic;
				COMBINE_HIDPI_IMAGES = YES;
				CURRENT_PROJECT_VERSION = 1;
				DEAD_CODE_STRIPPING = YES;
				DEVELOPMENT_ASSET_PATHS = "\"Personal Finance/Preview Content\"";
				ENABLE_HARDENED_RUNTIME = YES;
				ENABLE_PREVIEWS = YES;
				GENERATE_INFOPLIST_FILE = YES;
				INFOPLIST_KEY_NSHumanReadableCopyright = "";
				LD_RUNPATH_SEARCH_PATHS = (
					"$(inherited)",
					"@executable_path/../Frameworks",
				);
				MARKETING_VERSION = 1.0;
				PRODUCT_BUNDLE_IDENTIFIER = "jbkiv.Personal-Finance";
				PRODUCT_NAME = "$(TARGET_NAME)";
				SWIFT_EMIT_LOC_STRINGS = YES;
				SWIFT_VERSION = 5.0;
			};
			name = Release;
		};
/* End XCBuildConfiguration section */

/* Begin XCConfigurationList section */
		C75A04CC2C7C0B9900739285 /* Build configuration list for PBXProject "Personal Finance" */ = {
			isa = XCConfigurationList;
			buildConfigurations = (
				C75A04DE2C7C0B9A00739285 /* Debug */,
				C75A04DF2C7C0B9A00739285 /* Release */,
			);
			defaultConfigurationIsVisible = 0;
			defaultConfigurationName = Release;
		};
		C75A04E02C7C0B9A00739285 /* Build configuration list for PBXNativeTarget "Personal Finance" */ = {
			isa = XCConfigurationList;
			buildConfigurations = (
				C75A04E12C7C0B9A00739285 /* Debug */,
				C75A04E22C7C0B9A00739285 /* Release */,
			);
			defaultConfigurationIsVisible = 0;
			defaultConfigurationName = Release;
		};
/* End XCConfigurationList section */

/* Begin XCRemoteSwiftPackageReference section */
		C74A87862E2DC1F4005233BF /* XCRemoteSwiftPackageReference "GRDB.swift" */ = {
			isa = XCRemoteSwiftPackageReference;
			repositoryURL = "https://github.com/groue/GRDB.swift.git";
			requirement = {
				branch = master;
				kind = branch;
			};
		};
/* End XCRemoteSwiftPackageReference section */

/* Begin XCSwiftPackageProductDependency section */
		C74A87872E2DC1F4005233BF /* GRDB */ = {
			isa = XCSwiftPackageProductDependency;
			package = C74A87862E2DC1F4005233BF /* XCRemoteSwiftPackageReference "GRDB.swift" */;
			productName = GRDB;
		};
/* End XCSwiftPackageProductDependency section */
	};
	rootObject = C75A04C92C7C0B9900739285 /* Project object */;
}
